
Microsoft Visual Studio Solution File, Format Version 12.00
# Visual Studio Version 17
VisualStudioVersion = 17.0.32112.339
MinimumVisualStudioVersion = 10.0.40219.1
Project("{9A19103F-16F7-4668-BE54-9A1E7A4F7556}") = "Vikarlink.WebApp", "Vikarlink.WebApp\Vikarlink.WebApp.csproj", "{82DCB8EF-BF15-4132-B851-703BCFA88E77}"
	ProjectSection(ProjectDependencies) = postProject
		{48283507-D46E-40AE-AB33-F7CB15D4E1FE} = {48283507-D46E-40AE-AB33-F7CB15D4E1FE}
	EndProjectSection
EndProject
Project("{9A19103F-16F7-4668-BE54-9A1E7A4F7556}") = "Vikarlink.ApiInterface", "Vikarlink.ApiInterface\Vikarlink.ApiInterface.csproj", "{48283507-D46E-40AE-AB33-F7CB15D4E1FE}"
EndProject
Project("{9A19103F-16F7-4668-BE54-9A1E7A4F7556}") = "Vikarlink.Shared", "Vikarlink.Shared\Vikarlink.Shared.csproj", "{3B36B3E8-A052-424D-B36A-63D6D05BC97D}"
EndProject
Global
	GlobalSection(SolutionConfigurationPlatforms) = preSolution
		Debug|Any CPU = Debug|Any CPU
		Release|Any CPU = Release|Any CPU
	EndGlobalSection
	GlobalSection(ProjectConfigurationPlatforms) = postSolution
		{82DCB8EF-BF15-4132-B851-703BCFA88E77}.Debug|Any CPU.ActiveCfg = Debug|Any CPU
		{82DCB8EF-BF15-4132-B851-703BCFA88E77}.Debug|Any CPU.Build.0 = Debug|Any CPU
		{82DCB8EF-BF15-4132-B851-703BCFA88E77}.Release|Any CPU.ActiveCfg = Release|Any CPU
		{82DCB8EF-BF15-4132-B851-703BCFA88E77}.Release|Any CPU.Build.0 = Release|Any CPU
		{48283507-D46E-40AE-AB33-F7CB15D4E1FE}.Debug|Any CPU.ActiveCfg = Debug|Any CPU
		{48283507-D46E-40AE-AB33-F7CB15D4E1FE}.Debug|Any CPU.Build.0 = Debug|Any CPU
		{48283507-D46E-40AE-AB33-F7CB15D4E1FE}.Release|Any CPU.ActiveCfg = Release|Any CPU
		{48283507-D46E-40AE-AB33-F7CB15D4E1FE}.Release|Any CPU.Build.0 = Release|Any CPU
		{3B36B3E8-A052-424D-B36A-63D6D05BC97D}.Debug|Any CPU.ActiveCfg = Debug|Any CPU
		{3B36B3E8-A052-424D-B36A-63D6D05BC97D}.Debug|Any CPU.Build.0 = Debug|Any CPU
		{3B36B3E8-A052-424D-B36A-63D6D05BC97D}.Release|Any CPU.ActiveCfg = Release|Any CPU
		{3B36B3E8-A052-424D-B36A-63D6D05BC97D}.Release|Any CPU.Build.0 = Release|Any CPU
	EndGlobalSection
	GlobalSection(SolutionProperties) = preSolution
		HideSolutionNode = FALSE
	EndGlobalSection
	GlobalSection(ExtensibilityGlobals) = postSolution
		SolutionGuid = {052411F1-5C7A-410A-BABF-CA4D6FCA1125}
	EndGlobalSection
EndGlobal
